
Microsoft Visual Studio Solution File, Format Version 12.00
# Visual Studio 2013
VisualStudioVersion = 12.0.31101.0
MinimumVisualStudioVersion = 10.0.40219.1
Project("{FAE04EC0-301F-11D3-BF4B-00C04F79EFBC}") = "WordGame.Research.GameLibrary", "WordGame.Research.GameLibrary\WordGame.Research.GameLibrary.csproj", "{D5B6EB8D-8C05-4CED-AD0B-74A1C669A4D4}"
EndProject
Project("{FAE04EC0-301F-11D3-BF4B-00C04F79EFBC}") = "WordGame.Research.FormsTestClient", "WordGame.Research.FormsTestClient\WordGame.Research.FormsTestClient.csproj", "{D845DD44-2B11-4727-945D-A0005FEC593E}"
EndProject
Global
	GlobalSection(SolutionConfigurationPlatforms) = preSolution
		Debug|Any CPU = Debug|Any CPU
		Release|Any CPU = Release|Any CPU
	EndGlobalSection
	GlobalSection(ProjectConfigurationPlatforms) = postSolution
		{D5B6EB8D-8C05-4CED-AD0B-74A1C669A4D4}.Debug|Any CPU.ActiveCfg = Debug|Any CPU
		{D5B6EB8D-8C05-4CED-AD0B-74A1C669A4D4}.Debug|Any CPU.Build.0 = Debug|Any CPU
		{D5B6EB8D-8C05-4CED-AD0B-74A1C669A4D4}.Release|Any CPU.ActiveCfg = Release|Any CPU
		{D5B6EB8D-8C05-4CED-AD0B-74A1C669A4D4}.Release|Any CPU.Build.0 = Release|Any CPU
		{D845DD44-2B11-4727-945D-A0005FEC593E}.Debug|Any CPU.ActiveCfg = Debug|Any CPU
		{D845DD44-2B11-4727-945D-A0005FEC593E}.Debug|Any CPU.Build.0 = Debug|Any CPU
		{D845DD44-2B11-4727-945D-A0005FEC593E}.Release|Any CPU.ActiveCfg = Release|Any CPU
		{D845DD44-2B11-4727-945D-A0005FEC593E}.Release|Any CPU.Build.0 = Release|Any CPU
	EndGlobalSection
	GlobalSection(SolutionProperties) = preSolution
		HideSolutionNode = FALSE
	EndGlobalSection
EndGlobal
